
Microsoft Visual Studio Solution File, Format Version 12.00
# Visual Studio Version 17
VisualStudioVersion = 17.8.34408.163
MinimumVisualStudioVersion = 10.0.40219.1
Project("{FAE04EC0-301F-11D3-BF4B-00C04F79EFBC}") = "lab03_2212371", "lab03_2212371\lab03_2212371.csproj", "{2D62F015-7EE7-493A-86CE-32E81C850A50}"
EndProject
Global
	GlobalSection(SolutionConfigurationPlatforms) = preSolution
		Debug|Any CPU = Debug|Any CPU
		Release|Any CPU = Release|Any CPU
	EndGlobalSection
	GlobalSection(ProjectConfigurationPlatforms) = postSolution
		{2D62F015-7EE7-493A-86CE-32E81C850A50}.Debug|Any CPU.ActiveCfg = Debug|Any CPU
		{2D62F015-7EE7-493A-86CE-32E81C850A50}.Debug|Any CPU.Build.0 = Debug|Any CPU
		{2D62F015-7EE7-493A-86CE-32E81C850A50}.Release|Any CPU.ActiveCfg = Release|Any CPU
		{2D62F015-7EE7-493A-86CE-32E81C850A50}.Release|Any CPU.Build.0 = Release|Any CPU
	EndGlobalSection
	GlobalSection(SolutionProperties) = preSolution
		HideSolutionNode = FALSE
	EndGlobalSection
	GlobalSection(ExtensibilityGlobals) = postSolution
		SolutionGuid = {128C8122-6356-4A29-8CA3-A50B316E0509}
	EndGlobalSection
EndGlobal
